{
  "name": "aurelia-starter-kit",
  "version": "0.0.1",
  "lockfileVersion": 1,
  "requires": true,
  "dependencies": {
    "aurelia-binding": {
      "version": "1.5.0",
      "resolved": "https://registry.npmjs.org/aurelia-binding/-/aurelia-binding-1.5.0.tgz",
      "integrity": "sha1-rCNxQaIm9d+Qb+BrE7wIBv4GXLc=",
      "requires": {
        "aurelia-logging": "1.3.1",
        "aurelia-metadata": "1.0.3",
        "aurelia-pal": "1.4.0",
        "aurelia-task-queue": "1.2.1"
      },
      "dependencies": {
        "aurelia-pal": {
          "version": "1.4.0",
          "resolved": "https://registry.npmjs.org/aurelia-pal/-/aurelia-pal-1.4.0.tgz",
          "integrity": "sha1-EUjyVshUwOAgoKj0Zcv0pu6vkYg="
        }
      }
    },
    "aurelia-dependency-injection": {
      "version": "1.3.2",
      "resolved": "https://registry.npmjs.org/aurelia-dependency-injection/-/aurelia-dependency-injection-1.3.2.tgz",
      "integrity": "sha1-X5yl3t5qHMxyoIOMmA3z3+eRh1Y=",
      "requires": {
        "aurelia-metadata": "1.0.3",
        "aurelia-pal": "1.4.0"
      },
      "dependencies": {
        "aurelia-pal": {
          "version": "1.4.0",
          "resolved": "https://registry.npmjs.org/aurelia-pal/-/aurelia-pal-1.4.0.tgz",
          "integrity": "sha1-EUjyVshUwOAgoKj0Zcv0pu6vkYg="
        }
      }
    },
    "aurelia-event-aggregator": {
      "version": "1.0.1",
      "resolved": "https://registry.npmjs.org/aurelia-event-aggregator/-/aurelia-event-aggregator-1.0.1.tgz",
      "integrity": "sha1-nXx8Hh7+HvOnh4Xnar6AYB4tNMg=",
      "requires": {
        "aurelia-logging": "1.3.1"
      }
    },
    "aurelia-history": {
      "version": "1.1.0",
      "resolved": "https://registry.npmjs.org/aurelia-history/-/aurelia-history-1.1.0.tgz",
      "integrity": "sha1-d5qjhtVoA6qkvbfXFDWld2hQX1c="
    },
    "aurelia-kendoui-bridge": {
      "version": "1.6.5",
      "resolved": "https://registry.npmjs.org/aurelia-kendoui-bridge/-/aurelia-kendoui-bridge-1.6.5.tgz",
      "integrity": "sha1-tnBFju1vj1Mmzam7yoP/V+wrnpo=",
      "requires": {
        "aurelia-binding": "1.5.0",
        "aurelia-dependency-injection": "1.3.2",
        "aurelia-logging": "1.3.1",
        "aurelia-metadata": "1.0.3",
        "aurelia-pal": "1.4.0",
        "aurelia-router": "1.4.0",
        "aurelia-task-queue": "1.2.1",
        "aurelia-templating": "1.6.0",
        "aurelia-templating-resources": "1.5.4"
      },
      "dependencies": {
        "aurelia-pal": {
          "version": "1.4.0",
          "resolved": "https://registry.npmjs.org/aurelia-pal/-/aurelia-pal-1.4.0.tgz",
          "integrity": "sha1-EUjyVshUwOAgoKj0Zcv0pu6vkYg="
        },
        "aurelia-router": {
          "version": "1.4.0",
          "resolved": "https://registry.npmjs.org/aurelia-router/-/aurelia-router-1.4.0.tgz",
          "integrity": "sha1-phCduikWBlueH6R/49zmnS+1/x0=",
          "requires": {
            "aurelia-dependency-injection": "1.3.2",
            "aurelia-event-aggregator": "1.0.1",
            "aurelia-history": "1.1.0",
            "aurelia-logging": "1.3.1",
            "aurelia-path": "1.1.1",
            "aurelia-route-recognizer": "1.1.1"
          }
        }
      }
    },
    "aurelia-loader": {
      "version": "1.0.0",
      "resolved": "https://registry.npmjs.org/aurelia-loader/-/aurelia-loader-1.0.0.tgz",
      "integrity": "sha1-t4wqKBOqjkQSRyN91m/WLl1OGeo=",
      "requires": {
        "aurelia-metadata": "1.0.3",
        "aurelia-path": "1.1.1"
      }
    },
    "aurelia-logging": {
      "version": "1.3.1",
      "resolved": "https://registry.npmjs.org/aurelia-logging/-/aurelia-logging-1.3.1.tgz",
      "integrity": "sha1-s0rnWTcroIdAqxIjOom60VSH/pg="
    },
    "aurelia-metadata": {
      "version": "1.0.3",
      "resolved": "https://registry.npmjs.org/aurelia-metadata/-/aurelia-metadata-1.0.3.tgz",
      "integrity": "sha1-Ho1Z2hiOKHGorXSbpCyoUISj8w4=",
      "requires": {
        "aurelia-pal": "1.4.0"
      },
      "dependencies": {
        "aurelia-pal": {
          "version": "1.4.0",
          "resolved": "https://registry.npmjs.org/aurelia-pal/-/aurelia-pal-1.4.0.tgz",
          "integrity": "sha1-EUjyVshUwOAgoKj0Zcv0pu6vkYg="
        }
      }
    },
    "aurelia-path": {
      "version": "1.1.1",
      "resolved": "https://registry.npmjs.org/aurelia-path/-/aurelia-path-1.1.1.tgz",
      "integrity": "sha1-yqnSC8hRWl+fKG2aOxjYGyyFsN0="
    },
    "aurelia-route-recognizer": {
      "version": "1.1.1",
      "resolved": "https://registry.npmjs.org/aurelia-route-recognizer/-/aurelia-route-recognizer-1.1.1.tgz",
      "integrity": "sha1-O4nBEtjxryGLwgWrWm/g05E//7A=",
      "requires": {
        "aurelia-path": "1.1.1"
      }
    },
    "aurelia-task-queue": {
      "version": "1.2.1",
      "resolved": "https://registry.npmjs.org/aurelia-task-queue/-/aurelia-task-queue-1.2.1.tgz",
      "integrity": "sha1-LiXHzWY7fjB08dmXROstFOxc5ZQ=",
      "requires": {
        "aurelia-pal": "1.4.0"
      },
      "dependencies": {
        "aurelia-pal": {
          "version": "1.4.0",
          "resolved": "https://registry.npmjs.org/aurelia-pal/-/aurelia-pal-1.4.0.tgz",
          "integrity": "sha1-EUjyVshUwOAgoKj0Zcv0pu6vkYg="
        }
      }
    },
    "aurelia-templating": {
      "version": "1.6.0",
      "resolved": "https://registry.npmjs.org/aurelia-templating/-/aurelia-templating-1.6.0.tgz",
      "integrity": "sha1-8uR8aUoCzn7qK81jHnlWU8Kb5bM=",
      "requires": {
        "aurelia-binding": "1.5.0",
        "aurelia-dependency-injection": "1.3.2",
        "aurelia-loader": "1.0.0",
        "aurelia-logging": "1.3.1",
        "aurelia-metadata": "1.0.3",
        "aurelia-pal": "1.4.0",
        "aurelia-path": "1.1.1",
        "aurelia-task-queue": "1.2.1"
      },
      "dependencies": {
        "aurelia-pal": {
          "version": "1.4.0",
          "resolved": "https://registry.npmjs.org/aurelia-pal/-/aurelia-pal-1.4.0.tgz",
          "integrity": "sha1-EUjyVshUwOAgoKj0Zcv0pu6vkYg="
        }
      }
    },
    "aurelia-templating-resources": {
      "version": "1.5.4",
      "resolved": "https://registry.npmjs.org/aurelia-templating-resources/-/aurelia-templating-resources-1.5.4.tgz",
      "integrity": "sha1-wftm9NL73e/9jIPLARWyQ8MeOi8=",
      "requires": {
        "aurelia-binding": "1.5.0",
        "aurelia-dependency-injection": "1.3.2",
        "aurelia-loader": "1.0.0",
        "aurelia-logging": "1.3.1",
        "aurelia-metadata": "1.0.3",
        "aurelia-pal": "1.4.0",
        "aurelia-path": "1.1.1",
        "aurelia-task-queue": "1.2.1",
        "aurelia-templating": "1.6.0"
      },
      "dependencies": {
        "aurelia-pal": {
          "version": "1.4.0",
          "resolved": "https://registry.npmjs.org/aurelia-pal/-/aurelia-pal-1.4.0.tgz",
          "integrity": "sha1-EUjyVshUwOAgoKj0Zcv0pu6vkYg="
        }
      }
    }
  }
}
